
Microsoft Visual Studio Solution File, Format Version 12.00
# Visual Studio Version 17
VisualStudioVersion = 17.8.34330.188
MinimumVisualStudioVersion = 10.0.40219.1
Project("{FAE04EC0-301F-11D3-BF4B-00C04F79EFBC}") = "Cycle.BackEnd.Api", "Cycle.BackEnd.Api\Cycle.BackEnd.Api.csproj", "{163242A5-7891-4CAC-801F-20EEEEFCEE3C}"
EndProject
Global
	GlobalSection(SolutionConfigurationPlatforms) = preSolution
		Debug|Any CPU = Debug|Any CPU
		Release|Any CPU = Release|Any CPU
	EndGlobalSection
	GlobalSection(ProjectConfigurationPlatforms) = postSolution
		{163242A5-7891-4CAC-801F-20EEEEFCEE3C}.Debug|Any CPU.ActiveCfg = Debug|Any CPU
		{163242A5-7891-4CAC-801F-20EEEEFCEE3C}.Debug|Any CPU.Build.0 = Debug|Any CPU
		{163242A5-7891-4CAC-801F-20EEEEFCEE3C}.Release|Any CPU.ActiveCfg = Release|Any CPU
		{163242A5-7891-4CAC-801F-20EEEEFCEE3C}.Release|Any CPU.Build.0 = Release|Any CPU
	EndGlobalSection
	GlobalSection(SolutionProperties) = preSolution
		HideSolutionNode = FALSE
	EndGlobalSection
	GlobalSection(ExtensibilityGlobals) = postSolution
		SolutionGuid = {187BD6A2-0E2E-41A6-BF8D-1D248C31D3CF}
	EndGlobalSection
EndGlobal
